{
  "name": "circuits-circom",
  "lockfileVersion": 3,
  "requires": true,
  "packages": {
    "": {
      "name": "circuits-circom",
      "dependencies": {
        "@zk-email/circuits": "^1.1.0"
      }
    },
    "node_modules/@zk-email/circuits": {
      "version": "1.1.0",
      "resolved": "https://registry.npmjs.org/@zk-email/circuits/-/circuits-1.1.0.tgz",
      "integrity": "sha512-lMSC+w/ulAY1UvW8uf5QX0meWQiFlEb63kz0fop10Crb5GPJN5knL+wLNy6OiEtwQZICOnQkcHLl8QWJvnpxPw=="
    }
  }
}
